
Microsoft Visual Studio Solution File, Format Version 12.00
# Visual Studio 2013
VisualStudioVersion = 12.0.40629.0
MinimumVisualStudioVersion = 10.0.40219.1
Project("{FAE04EC0-301F-11D3-BF4B-00C04F79EFBC}") = "MassTransitPOC", "MassTransitPOC\MassTransitPOC.csproj", "{C7083BBE-6609-422F-AEA9-92A5BC645DB5}"
EndProject
Project("{FAE04EC0-301F-11D3-BF4B-00C04F79EFBC}") = "Testing", "Testing\Testing.csproj", "{29397193-9949-43EF-A4EC-94CECEB2C686}"
EndProject
Project("{FAE04EC0-301F-11D3-BF4B-00C04F79EFBC}") = "RabbitTestHarness", "RabbitMQPOC\RabbitTestHarness.csproj", "{396EF640-D76E-4AC9-82FF-0E29B59D4B99}"
EndProject
Project("{FAE04EC0-301F-11D3-BF4B-00C04F79EFBC}") = "Log4Net.Appenders", "RabbitMQAppenders\Log4Net.Appenders.csproj", "{987A1890-2690-4D30-BDB6-A97D51263276}"
EndProject
Project("{2150E333-8FDC-42A3-9474-1A3956D46DE8}") = ".nuget", ".nuget", "{9EAB0DF7-B7E3-4ED4-97E9-1903810BB970}"
	ProjectSection(SolutionItems) = preProject
		.nuget\packages.config = .nuget\packages.config
	EndProjectSection
EndProject
Global
	GlobalSection(SolutionConfigurationPlatforms) = preSolution
		Debug|Any CPU = Debug|Any CPU
		Release|Any CPU = Release|Any CPU
	EndGlobalSection
	GlobalSection(ProjectConfigurationPlatforms) = postSolution
		{C7083BBE-6609-422F-AEA9-92A5BC645DB5}.Debug|Any CPU.ActiveCfg = Debug|Any CPU
		{C7083BBE-6609-422F-AEA9-92A5BC645DB5}.Debug|Any CPU.Build.0 = Debug|Any CPU
		{C7083BBE-6609-422F-AEA9-92A5BC645DB5}.Release|Any CPU.ActiveCfg = Release|Any CPU
		{C7083BBE-6609-422F-AEA9-92A5BC645DB5}.Release|Any CPU.Build.0 = Release|Any CPU
		{29397193-9949-43EF-A4EC-94CECEB2C686}.Debug|Any CPU.ActiveCfg = Debug|Any CPU
		{29397193-9949-43EF-A4EC-94CECEB2C686}.Debug|Any CPU.Build.0 = Debug|Any CPU
		{29397193-9949-43EF-A4EC-94CECEB2C686}.Release|Any CPU.ActiveCfg = Release|Any CPU
		{29397193-9949-43EF-A4EC-94CECEB2C686}.Release|Any CPU.Build.0 = Release|Any CPU
		{396EF640-D76E-4AC9-82FF-0E29B59D4B99}.Debug|Any CPU.ActiveCfg = Debug|Any CPU
		{396EF640-D76E-4AC9-82FF-0E29B59D4B99}.Debug|Any CPU.Build.0 = Debug|Any CPU
		{396EF640-D76E-4AC9-82FF-0E29B59D4B99}.Release|Any CPU.ActiveCfg = Release|Any CPU
		{396EF640-D76E-4AC9-82FF-0E29B59D4B99}.Release|Any CPU.Build.0 = Release|Any CPU
		{987A1890-2690-4D30-BDB6-A97D51263276}.Debug|Any CPU.ActiveCfg = Debug|Any CPU
		{987A1890-2690-4D30-BDB6-A97D51263276}.Debug|Any CPU.Build.0 = Debug|Any CPU
		{987A1890-2690-4D30-BDB6-A97D51263276}.Release|Any CPU.ActiveCfg = Release|Any CPU
		{987A1890-2690-4D30-BDB6-A97D51263276}.Release|Any CPU.Build.0 = Release|Any CPU
	EndGlobalSection
	GlobalSection(SolutionProperties) = preSolution
		HideSolutionNode = FALSE
	EndGlobalSection
EndGlobal
